---
# https://github.com/sherlock-project/sherlock
- name: Copy sherlock from repository
  git:
    repo: "https://github.com/sherlock-project/sherlock.git"
    dest: /opt/sherlock
    update: yes

- name: Install sherlock
  pip: 
    executable: pip3
    requirements: /opt/sherlock/requirements.txt

- name: Set sherlock aliases
  set_fact:
    sherlock_aliases: 
    - { alias: 'sherlock', command: 'python3 /opt/sherlock/sherlock.py' }

- name: Merge sherlock aliases
  set_fact:
    bash_aliases: "{{ bash_aliases + sherlock_aliases }}"
